
Microsoft Visual Studio Solution File, Format Version 12.00
# Visual Studio Version 16
VisualStudioVersion = 16.0.29326.143
MinimumVisualStudioVersion = 10.0.40219.1
Project("{9A19103F-16F7-4668-BE54-9A1E7A4F7556}") = "ConstructionLine.CodingChallenge", "ConstructionLine.CodingChallenge\ConstructionLine.CodingChallenge.csproj", "{F424D642-C699-411E-92C6-0C471A91CDB7}"
EndProject
Project("{9A19103F-16F7-4668-BE54-9A1E7A4F7556}") = "ConstructionLine.CodingChallenge.Tests", "ConstructionLine.CodingChallenge.Tests\ConstructionLine.CodingChallenge.Tests.csproj", "{8F6BBBF6-D71E-4752-ADEB-D75C7DECE4E3}"
EndProject
Global
	GlobalSection(SolutionConfigurationPlatforms) = preSolution
		Debug|Any CPU = Debug|Any CPU
		Release|Any CPU = Release|Any CPU
	EndGlobalSection
	GlobalSection(ProjectConfigurationPlatforms) = postSolution
		{F424D642-C699-411E-92C6-0C471A91CDB7}.Debug|Any CPU.ActiveCfg = Debug|Any CPU
		{F424D642-C699-411E-92C6-0C471A91CDB7}.Debug|Any CPU.Build.0 = Debug|Any CPU
		{F424D642-C699-411E-92C6-0C471A91CDB7}.Release|Any CPU.ActiveCfg = Release|Any CPU
		{F424D642-C699-411E-92C6-0C471A91CDB7}.Release|Any CPU.Build.0 = Release|Any CPU
		{8F6BBBF6-D71E-4752-ADEB-D75C7DECE4E3}.Debug|Any CPU.ActiveCfg = Debug|Any CPU
		{8F6BBBF6-D71E-4752-ADEB-D75C7DECE4E3}.Debug|Any CPU.Build.0 = Debug|Any CPU
		{8F6BBBF6-D71E-4752-ADEB-D75C7DECE4E3}.Release|Any CPU.ActiveCfg = Release|Any CPU
		{8F6BBBF6-D71E-4752-ADEB-D75C7DECE4E3}.Release|Any CPU.Build.0 = Release|Any CPU
	EndGlobalSection
	GlobalSection(SolutionProperties) = preSolution
		HideSolutionNode = FALSE
	EndGlobalSection
	GlobalSection(ExtensibilityGlobals) = postSolution
		SolutionGuid = {9F1C0427-B576-4604-A334-411A2C57BBE9}
	EndGlobalSection
EndGlobal
